
Microsoft Visual Studio Solution File, Format Version 12.00
# Visual Studio Version 17
VisualStudioVersion = 17.14.36414.22 d17.14
MinimumVisualStudioVersion = 10.0.40219.1
Project("{FAE04EC0-301F-11D3-BF4B-00C04F79EFBC}") = "DepartmentsComponent", "DepartmentsComponent\DepartmentsComponent.csproj", "{76218F94-171B-43F7-B7AF-796B52F668E4}"
EndProject
Global
	GlobalSection(SolutionConfigurationPlatforms) = preSolution
		Debug|Any CPU = Debug|Any CPU
		Release|Any CPU = Release|Any CPU
	EndGlobalSection
	GlobalSection(ProjectConfigurationPlatforms) = postSolution
		{76218F94-171B-43F7-B7AF-796B52F668E4}.Debug|Any CPU.ActiveCfg = Debug|Any CPU
		{76218F94-171B-43F7-B7AF-796B52F668E4}.Debug|Any CPU.Build.0 = Debug|Any CPU
		{76218F94-171B-43F7-B7AF-796B52F668E4}.Release|Any CPU.ActiveCfg = Release|Any CPU
		{76218F94-171B-43F7-B7AF-796B52F668E4}.Release|Any CPU.Build.0 = Release|Any CPU
	EndGlobalSection
	GlobalSection(SolutionProperties) = preSolution
		HideSolutionNode = FALSE
	EndGlobalSection
	GlobalSection(ExtensibilityGlobals) = postSolution
		SolutionGuid = {8DCBD16F-6253-49FE-A234-906FC0CCB2D6}
	EndGlobalSection
EndGlobal
